// !$*UTF8*$!
{
	archiveVersion = 1;
	classes = {
	};
	objectVersion = 56;
	objects = {

/* Begin PBXBuildFile section */
		B3725AD82B3692B6005B30A3 /* MainTabBarController.swift in Sources */ = {isa = PBXBuildFile; fileRef = B3725AD72B3692B6005B30A3 /* MainTabBarController.swift */; };
		B3725AE02B36AA3B005B30A3 /* UserTableViewCell.swift in Sources */ = {isa = PBXBuildFile; fileRef = B3725ADE2B36AA3B005B30A3 /* UserTableViewCell.swift */; };
		B3725AE12B36AA3B005B30A3 /* UserTableViewCell.xib in Resources */ = {isa = PBXBuildFile; fileRef = B3725ADF2B36AA3B005B30A3 /* UserTableViewCell.xib */; };
		B3725AE52B36AADF005B30A3 /* NewsTableViewCell.swift in Sources */ = {isa = PBXBuildFile; fileRef = B3725AE32B36AADF005B30A3 /* NewsTableViewCell.swift */; };
		B3725AE62B36AADF005B30A3 /* NewsTableViewCell.xib in Resources */ = {isa = PBXBuildFile; fileRef = B3725AE42B36AADF005B30A3 /* NewsTableViewCell.xib */; };
		B3725AEA2B38B66A005B30A3 /* BaseViewController.swift in Sources */ = {isa = PBXBuildFile; fileRef = B3725AE92B38B66A005B30A3 /* BaseViewController.swift */; };
		B3725AEC2B39E4EB005B30A3 /* NewsListService.swift in Sources */ = {isa = PBXBuildFile; fileRef = B3725AEB2B39E4EB005B30A3 /* NewsListService.swift */; };
		B3725AEF2B39E551005B30A3 /* Alamofire in Frameworks */ = {isa = PBXBuildFile; productRef = B3725AEE2B39E551005B30A3 /* Alamofire */; };
		B3725AF12B39E830005B30A3 /* NewsListItemResponseDTO.swift in Sources */ = {isa = PBXBuildFile; fileRef = B3725AF02B39E830005B30A3 /* NewsListItemResponseDTO.swift */; };
		B3725AF32B39F7ED005B30A3 /* UsersListService.swift in Sources */ = {isa = PBXBuildFile; fileRef = B3725AF22B39F7ED005B30A3 /* UsersListService.swift */; };
		B3725AF52B39FA57005B30A3 /* UsersListItemResponseDTO.swift in Sources */ = {isa = PBXBuildFile; fileRef = B3725AF42B39FA56005B30A3 /* UsersListItemResponseDTO.swift */; };
		B3725AF92B3A2716005B30A3 /* UIImageView+loadAndDisplayImage.swift in Sources */ = {isa = PBXBuildFile; fileRef = B3725AF82B3A2716005B30A3 /* UIImageView+loadAndDisplayImage.swift */; };
		B3725AFE2B3A52B4005B30A3 /* NewsListPresenterTests.swift in Sources */ = {isa = PBXBuildFile; fileRef = B3725AFD2B3A52B4005B30A3 /* NewsListPresenterTests.swift */; };
		B3725B002B3B4F05005B30A3 /* NewsListInteractorTests.swift in Sources */ = {isa = PBXBuildFile; fileRef = B3725AFF2B3B4F05005B30A3 /* NewsListInteractorTests.swift */; };
		B3725B022B3B4F17005B30A3 /* NewsListEntityTests.swift in Sources */ = {isa = PBXBuildFile; fileRef = B3725B012B3B4F17005B30A3 /* NewsListEntityTests.swift */; };
		B386906D2B3BA95300DC316B /* NewsListServiceProtocol.swift in Sources */ = {isa = PBXBuildFile; fileRef = B386906C2B3BA95300DC316B /* NewsListServiceProtocol.swift */; };
		B386906F2B3BA9AB00DC316B /* UsersListServiceProtocol.swift in Sources */ = {isa = PBXBuildFile; fileRef = B386906E2B3BA9AB00DC316B /* UsersListServiceProtocol.swift */; };
		B38690732B3BAF2F00DC316B /* UsersListEntityTests.swift in Sources */ = {isa = PBXBuildFile; fileRef = B38690722B3BAF2F00DC316B /* UsersListEntityTests.swift */; };
		B38690782B3BB46B00DC316B /* NewsListItemResponseDTOTests.swift in Sources */ = {isa = PBXBuildFile; fileRef = B38690772B3BB46B00DC316B /* NewsListItemResponseDTOTests.swift */; };
		B3B947DF2B35E27E0067C5C9 /* AppDelegate.swift in Sources */ = {isa = PBXBuildFile; fileRef = B3B947DE2B35E27E0067C5C9 /* AppDelegate.swift */; };
		B3B947E12B35E27E0067C5C9 /* SceneDelegate.swift in Sources */ = {isa = PBXBuildFile; fileRef = B3B947E02B35E27E0067C5C9 /* SceneDelegate.swift */; };
		B3B947E82B35E27F0067C5C9 /* Assets.xcassets in Resources */ = {isa = PBXBuildFile; fileRef = B3B947E72B35E27F0067C5C9 /* Assets.xcassets */; };
		B3B947EB2B35E27F0067C5C9 /* LaunchScreen.storyboard in Resources */ = {isa = PBXBuildFile; fileRef = B3B947E92B35E27F0067C5C9 /* LaunchScreen.storyboard */; };
		B3B9483A2B3619480067C5C9 /* NewsListProtocols.swift in Sources */ = {isa = PBXBuildFile; fileRef = B3B948392B3619480067C5C9 /* NewsListProtocols.swift */; };
		B3B9483C2B3619540067C5C9 /* NewsListModule.swift in Sources */ = {isa = PBXBuildFile; fileRef = B3B9483B2B3619540067C5C9 /* NewsListModule.swift */; };
		B3B9483F2B3619910067C5C9 /* NewsListRouter.swift in Sources */ = {isa = PBXBuildFile; fileRef = B3B9483E2B3619910067C5C9 /* NewsListRouter.swift */; };
		B3B948472B361A050067C5C9 /* NewsListViewController.swift in Sources */ = {isa = PBXBuildFile; fileRef = B3B948452B361A050067C5C9 /* NewsListViewController.swift */; };
		B3B948482B361A050067C5C9 /* NewsListViewController.xib in Resources */ = {isa = PBXBuildFile; fileRef = B3B948462B361A050067C5C9 /* NewsListViewController.xib */; };
		B3B9484A2B361A130067C5C9 /* NewsListPresenter.swift in Sources */ = {isa = PBXBuildFile; fileRef = B3B948492B361A130067C5C9 /* NewsListPresenter.swift */; };
		B3B9484C2B361A1A0067C5C9 /* NewsListInteractor.swift in Sources */ = {isa = PBXBuildFile; fileRef = B3B9484B2B361A1A0067C5C9 /* NewsListInteractor.swift */; };
		B3B9484E2B361A230067C5C9 /* NewsListEntity.swift in Sources */ = {isa = PBXBuildFile; fileRef = B3B9484D2B361A230067C5C9 /* NewsListEntity.swift */; };
		B3B948502B361A410067C5C9 /* NewsDetailsProtocols.swift in Sources */ = {isa = PBXBuildFile; fileRef = B3B9484F2B361A410067C5C9 /* NewsDetailsProtocols.swift */; };
		B3B948522B361A480067C5C9 /* NewsDetailsModule.swift in Sources */ = {isa = PBXBuildFile; fileRef = B3B948512B361A480067C5C9 /* NewsDetailsModule.swift */; };
		B3B9485A2B361A860067C5C9 /* NewsDetailsViewController.swift in Sources */ = {isa = PBXBuildFile; fileRef = B3B948582B361A860067C5C9 /* NewsDetailsViewController.swift */; };
		B3B9485B2B361A860067C5C9 /* NewsDetailsViewController.xib in Resources */ = {isa = PBXBuildFile; fileRef = B3B948592B361A860067C5C9 /* NewsDetailsViewController.xib */; };
		B3B9485D2B361A910067C5C9 /* NewsDetailsPresenter.swift in Sources */ = {isa = PBXBuildFile; fileRef = B3B9485C2B361A910067C5C9 /* NewsDetailsPresenter.swift */; };
		B3B948652B361ADC0067C5C9 /* UsersListProtocols.swift in Sources */ = {isa = PBXBuildFile; fileRef = B3B948642B361ADC0067C5C9 /* UsersListProtocols.swift */; };
		B3B948672B361AEB0067C5C9 /* UsersListModule.swift in Sources */ = {isa = PBXBuildFile; fileRef = B3B948662B361AEA0067C5C9 /* UsersListModule.swift */; };
		B3B9486F2B361B3C0067C5C9 /* UsersListViewController.swift in Sources */ = {isa = PBXBuildFile; fileRef = B3B9486D2B361B3C0067C5C9 /* UsersListViewController.swift */; };
		B3B948702B361B3C0067C5C9 /* UsersListViewController.xib in Resources */ = {isa = PBXBuildFile; fileRef = B3B9486E2B361B3C0067C5C9 /* UsersListViewController.xib */; };
		B3B948722B361B4A0067C5C9 /* UsersListPresenter.swift in Sources */ = {isa = PBXBuildFile; fileRef = B3B948712B361B4A0067C5C9 /* UsersListPresenter.swift */; };
		B3B948742B361B540067C5C9 /* UsersListInteractor.swift in Sources */ = {isa = PBXBuildFile; fileRef = B3B948732B361B540067C5C9 /* UsersListInteractor.swift */; };
		B3B948762B361B5B0067C5C9 /* UsersListEntity.swift in Sources */ = {isa = PBXBuildFile; fileRef = B3B948752B361B5B0067C5C9 /* UsersListEntity.swift */; };
		B3B948782B361B620067C5C9 /* UsersListRouter.swift in Sources */ = {isa = PBXBuildFile; fileRef = B3B948772B361B620067C5C9 /* UsersListRouter.swift */; };
		B3B9487A2B361B8B0067C5C9 /* UserLocationProtocols.swift in Sources */ = {isa = PBXBuildFile; fileRef = B3B948792B361B8B0067C5C9 /* UserLocationProtocols.swift */; };
		B3B9487C2B361B9B0067C5C9 /* UserLocationModule.swift in Sources */ = {isa = PBXBuildFile; fileRef = B3B9487B2B361B9B0067C5C9 /* UserLocationModule.swift */; };
		B3B948842B361C250067C5C9 /* UserLocationViewController.swift in Sources */ = {isa = PBXBuildFile; fileRef = B3B948822B361C250067C5C9 /* UserLocationViewController.swift */; };
		B3B948852B361C250067C5C9 /* UserLocationViewController.xib in Resources */ = {isa = PBXBuildFile; fileRef = B3B948832B361C250067C5C9 /* UserLocationViewController.xib */; };
		B3B948872B361C3A0067C5C9 /* UserLocationPresenter.swift in Sources */ = {isa = PBXBuildFile; fileRef = B3B948862B361C3A0067C5C9 /* UserLocationPresenter.swift */; };
		B3B9488B2B361C4A0067C5C9 /* UserLocationEntity.swift in Sources */ = {isa = PBXBuildFile; fileRef = B3B9488A2B361C4A0067C5C9 /* UserLocationEntity.swift */; };
		B3B948902B361C750067C5C9 /* Repository.swift in Sources */ = {isa = PBXBuildFile; fileRef = B3B9488F2B361C750067C5C9 /* Repository.swift */; };
/* End PBXBuildFile section */

/* Begin PBXContainerItemProxy section */
		B3B947F22B35E27F0067C5C9 /* PBXContainerItemProxy */ = {
			isa = PBXContainerItemProxy;
			containerPortal = B3B947D32B35E27E0067C5C9 /* Project object */;
			proxyType = 1;
			remoteGlobalIDString = B3B947DA2B35E27E0067C5C9;
			remoteInfo = conexaChallenge;
		};
/* End PBXContainerItemProxy section */

/* Begin PBXFileReference section */
		B3725AD72B3692B6005B30A3 /* MainTabBarController.swift */ = {isa = PBXFileReference; lastKnownFileType = sourcecode.swift; path = MainTabBarController.swift; sourceTree = "<group>"; };
		B3725ADE2B36AA3B005B30A3 /* UserTableViewCell.swift */ = {isa = PBXFileReference; lastKnownFileType = sourcecode.swift; path = UserTableViewCell.swift; sourceTree = "<group>"; };
		B3725ADF2B36AA3B005B30A3 /* UserTableViewCell.xib */ = {isa = PBXFileReference; lastKnownFileType = file.xib; path = UserTableViewCell.xib; sourceTree = "<group>"; };
		B3725AE32B36AADF005B30A3 /* NewsTableViewCell.swift */ = {isa = PBXFileReference; lastKnownFileType = sourcecode.swift; path = NewsTableViewCell.swift; sourceTree = "<group>"; };
		B3725AE42B36AADF005B30A3 /* NewsTableViewCell.xib */ = {isa = PBXFileReference; lastKnownFileType = file.xib; path = NewsTableViewCell.xib; sourceTree = "<group>"; };
		B3725AE92B38B66A005B30A3 /* BaseViewController.swift */ = {isa = PBXFileReference; lastKnownFileType = sourcecode.swift; path = BaseViewController.swift; sourceTree = "<group>"; };
		B3725AEB2B39E4EB005B30A3 /* NewsListService.swift */ = {isa = PBXFileReference; lastKnownFileType = sourcecode.swift; path = NewsListService.swift; sourceTree = "<group>"; };
		B3725AF02B39E830005B30A3 /* NewsListItemResponseDTO.swift */ = {isa = PBXFileReference; lastKnownFileType = sourcecode.swift; path = NewsListItemResponseDTO.swift; sourceTree = "<group>"; };
		B3725AF22B39F7ED005B30A3 /* UsersListService.swift */ = {isa = PBXFileReference; lastKnownFileType = sourcecode.swift; path = UsersListService.swift; sourceTree = "<group>"; };
		B3725AF42B39FA56005B30A3 /* UsersListItemResponseDTO.swift */ = {isa = PBXFileReference; lastKnownFileType = sourcecode.swift; path = UsersListItemResponseDTO.swift; sourceTree = "<group>"; };
		B3725AF82B3A2716005B30A3 /* UIImageView+loadAndDisplayImage.swift */ = {isa = PBXFileReference; lastKnownFileType = sourcecode.swift; path = "UIImageView+loadAndDisplayImage.swift"; sourceTree = "<group>"; };
		B3725AFD2B3A52B4005B30A3 /* NewsListPresenterTests.swift */ = {isa = PBXFileReference; lastKnownFileType = sourcecode.swift; path = NewsListPresenterTests.swift; sourceTree = "<group>"; };
		B3725AFF2B3B4F05005B30A3 /* NewsListInteractorTests.swift */ = {isa = PBXFileReference; lastKnownFileType = sourcecode.swift; path = NewsListInteractorTests.swift; sourceTree = "<group>"; };
		B3725B012B3B4F17005B30A3 /* NewsListEntityTests.swift */ = {isa = PBXFileReference; lastKnownFileType = sourcecode.swift; path = NewsListEntityTests.swift; sourceTree = "<group>"; };
		B386906C2B3BA95300DC316B /* NewsListServiceProtocol.swift */ = {isa = PBXFileReference; lastKnownFileType = sourcecode.swift; path = NewsListServiceProtocol.swift; sourceTree = "<group>"; };
		B386906E2B3BA9AB00DC316B /* UsersListServiceProtocol.swift */ = {isa = PBXFileReference; lastKnownFileType = sourcecode.swift; path = UsersListServiceProtocol.swift; sourceTree = "<group>"; };
		B38690722B3BAF2F00DC316B /* UsersListEntityTests.swift */ = {isa = PBXFileReference; lastKnownFileType = sourcecode.swift; path = UsersListEntityTests.swift; sourceTree = "<group>"; };
		B38690772B3BB46B00DC316B /* NewsListItemResponseDTOTests.swift */ = {isa = PBXFileReference; lastKnownFileType = sourcecode.swift; path = NewsListItemResponseDTOTests.swift; sourceTree = "<group>"; };
		B3B947DB2B35E27E0067C5C9 /* conexaChallenge.app */ = {isa = PBXFileReference; explicitFileType = wrapper.application; includeInIndex = 0; path = conexaChallenge.app; sourceTree = BUILT_PRODUCTS_DIR; };
		B3B947DE2B35E27E0067C5C9 /* AppDelegate.swift */ = {isa = PBXFileReference; lastKnownFileType = sourcecode.swift; path = AppDelegate.swift; sourceTree = "<group>"; };
		B3B947E02B35E27E0067C5C9 /* SceneDelegate.swift */ = {isa = PBXFileReference; lastKnownFileType = sourcecode.swift; path = SceneDelegate.swift; sourceTree = "<group>"; };
		B3B947E72B35E27F0067C5C9 /* Assets.xcassets */ = {isa = PBXFileReference; lastKnownFileType = folder.assetcatalog; path = Assets.xcassets; sourceTree = "<group>"; };
		B3B947EA2B35E27F0067C5C9 /* Base */ = {isa = PBXFileReference; lastKnownFileType = file.storyboard; name = Base; path = Base.lproj/LaunchScreen.storyboard; sourceTree = "<group>"; };
		B3B947EC2B35E27F0067C5C9 /* Info.plist */ = {isa = PBXFileReference; lastKnownFileType = text.plist.xml; path = Info.plist; sourceTree = "<group>"; };
		B3B947F12B35E27F0067C5C9 /* conexaChallengeTests.xctest */ = {isa = PBXFileReference; explicitFileType = wrapper.cfbundle; includeInIndex = 0; path = conexaChallengeTests.xctest; sourceTree = BUILT_PRODUCTS_DIR; };
		B3B948392B3619480067C5C9 /* NewsListProtocols.swift */ = {isa = PBXFileReference; lastKnownFileType = sourcecode.swift; path = NewsListProtocols.swift; sourceTree = "<group>"; };
		B3B9483B2B3619540067C5C9 /* NewsListModule.swift */ = {isa = PBXFileReference; lastKnownFileType = sourcecode.swift; path = NewsListModule.swift; sourceTree = "<group>"; };
		B3B9483E2B3619910067C5C9 /* NewsListRouter.swift */ = {isa = PBXFileReference; lastKnownFileType = sourcecode.swift; path = NewsListRouter.swift; sourceTree = "<group>"; };
		B3B948452B361A050067C5C9 /* NewsListViewController.swift */ = {isa = PBXFileReference; lastKnownFileType = sourcecode.swift; path = NewsListViewController.swift; sourceTree = "<group>"; };
		B3B948462B361A050067C5C9 /* NewsListViewController.xib */ = {isa = PBXFileReference; lastKnownFileType = file.xib; path = NewsListViewController.xib; sourceTree = "<group>"; };
		B3B948492B361A130067C5C9 /* NewsListPresenter.swift */ = {isa = PBXFileReference; lastKnownFileType = sourcecode.swift; path = NewsListPresenter.swift; sourceTree = "<group>"; };
		B3B9484B2B361A1A0067C5C9 /* NewsListInteractor.swift */ = {isa = PBXFileReference; lastKnownFileType = sourcecode.swift; path = NewsListInteractor.swift; sourceTree = "<group>"; };
		B3B9484D2B361A230067C5C9 /* NewsListEntity.swift */ = {isa = PBXFileReference; lastKnownFileType = sourcecode.swift; path = NewsListEntity.swift; sourceTree = "<group>"; };
		B3B9484F2B361A410067C5C9 /* NewsDetailsProtocols.swift */ = {isa = PBXFileReference; lastKnownFileType = sourcecode.swift; path = NewsDetailsProtocols.swift; sourceTree = "<group>"; };
		B3B948512B361A480067C5C9 /* NewsDetailsModule.swift */ = {isa = PBXFileReference; lastKnownFileType = sourcecode.swift; path = NewsDetailsModule.swift; sourceTree = "<group>"; };
		B3B948582B361A860067C5C9 /* NewsDetailsViewController.swift */ = {isa = PBXFileReference; lastKnownFileType = sourcecode.swift; path = NewsDetailsViewController.swift; sourceTree = "<group>"; };
		B3B948592B361A860067C5C9 /* NewsDetailsViewController.xib */ = {isa = PBXFileReference; lastKnownFileType = file.xib; path = NewsDetailsViewController.xib; sourceTree = "<group>"; };
		B3B9485C2B361A910067C5C9 /* NewsDetailsPresenter.swift */ = {isa = PBXFileReference; lastKnownFileType = sourcecode.swift; path = NewsDetailsPresenter.swift; sourceTree = "<group>"; };
		B3B948642B361ADC0067C5C9 /* UsersListProtocols.swift */ = {isa = PBXFileReference; lastKnownFileType = sourcecode.swift; path = UsersListProtocols.swift; sourceTree = "<group>"; };
		B3B948662B361AEA0067C5C9 /* UsersListModule.swift */ = {isa = PBXFileReference; lastKnownFileType = sourcecode.swift; path = UsersListModule.swift; sourceTree = "<group>"; };
		B3B9486D2B361B3C0067C5C9 /* UsersListViewController.swift */ = {isa = PBXFileReference; lastKnownFileType = sourcecode.swift; path = UsersListViewController.swift; sourceTree = "<group>"; };
		B3B9486E2B361B3C0067C5C9 /* UsersListViewController.xib */ = {isa = PBXFileReference; lastKnownFileType = file.xib; path = UsersListViewController.xib; sourceTree = "<group>"; };
		B3B948712B361B4A0067C5C9 /* UsersListPresenter.swift */ = {isa = PBXFileReference; lastKnownFileType = sourcecode.swift; path = UsersListPresenter.swift; sourceTree = "<group>"; };
		B3B948732B361B540067C5C9 /* UsersListInteractor.swift */ = {isa = PBXFileReference; lastKnownFileType = sourcecode.swift; path = UsersListInteractor.swift; sourceTree = "<group>"; };
		B3B948752B361B5B0067C5C9 /* UsersListEntity.swift */ = {isa = PBXFileReference; lastKnownFileType = sourcecode.swift; path = UsersListEntity.swift; sourceTree = "<group>"; };
		B3B948772B361B620067C5C9 /* UsersListRouter.swift */ = {isa = PBXFileReference; lastKnownFileType = sourcecode.swift; path = UsersListRouter.swift; sourceTree = "<group>"; };
		B3B948792B361B8B0067C5C9 /* UserLocationProtocols.swift */ = {isa = PBXFileReference; lastKnownFileType = sourcecode.swift; path = UserLocationProtocols.swift; sourceTree = "<group>"; };
		B3B9487B2B361B9B0067C5C9 /* UserLocationModule.swift */ = {isa = PBXFileReference; lastKnownFileType = sourcecode.swift; path = UserLocationModule.swift; sourceTree = "<group>"; };
		B3B948822B361C250067C5C9 /* UserLocationViewController.swift */ = {isa = PBXFileReference; lastKnownFileType = sourcecode.swift; path = UserLocationViewController.swift; sourceTree = "<group>"; };
		B3B948832B361C250067C5C9 /* UserLocationViewController.xib */ = {isa = PBXFileReference; lastKnownFileType = file.xib; path = UserLocationViewController.xib; sourceTree = "<group>"; };
		B3B948862B361C3A0067C5C9 /* UserLocationPresenter.swift */ = {isa = PBXFileReference; lastKnownFileType = sourcecode.swift; path = UserLocationPresenter.swift; sourceTree = "<group>"; };
		B3B9488A2B361C4A0067C5C9 /* UserLocationEntity.swift */ = {isa = PBXFileReference; lastKnownFileType = sourcecode.swift; path = UserLocationEntity.swift; sourceTree = "<group>"; };
		B3B9488F2B361C750067C5C9 /* Repository.swift */ = {isa = PBXFileReference; lastKnownFileType = sourcecode.swift; path = Repository.swift; sourceTree = "<group>"; };
/* End PBXFileReference section */

/* Begin PBXFrameworksBuildPhase section */
		B3B947D82B35E27E0067C5C9 /* Frameworks */ = {
			isa = PBXFrameworksBuildPhase;
			buildActionMask = 2147483647;
			files = (
				B3725AEF2B39E551005B30A3 /* Alamofire in Frameworks */,
			);
			runOnlyForDeploymentPostprocessing = 0;
		};
		B3B947EE2B35E27F0067C5C9 /* Frameworks */ = {
			isa = PBXFrameworksBuildPhase;
			buildActionMask = 2147483647;
			files = (
			);
			runOnlyForDeploymentPostprocessing = 0;
		};
/* End PBXFrameworksBuildPhase section */

/* Begin PBXGroup section */
		B3725AD22B36567D005B30A3 /* MainTabBar */ = {
			isa = PBXGroup;
			children = (
				B3725AD72B3692B6005B30A3 /* MainTabBarController.swift */,
			);
			path = MainTabBar;
			sourceTree = "<group>";
		};
		B3725ADD2B36AA1F005B30A3 /* UserTableViewCell */ = {
			isa = PBXGroup;
			children = (
				B3725ADE2B36AA3B005B30A3 /* UserTableViewCell.swift */,
				B3725ADF2B36AA3B005B30A3 /* UserTableViewCell.xib */,
			);
			path = UserTableViewCell;
			sourceTree = "<group>";
		};
		B3725AE22B36AACA005B30A3 /* NewsTableViewCell */ = {
			isa = PBXGroup;
			children = (
				B3725AE32B36AADF005B30A3 /* NewsTableViewCell.swift */,
				B3725AE42B36AADF005B30A3 /* NewsTableViewCell.xib */,
			);
			path = NewsTableViewCell;
			sourceTree = "<group>";
		};
		B3725AF62B3A26F0005B30A3 /* Utils */ = {
			isa = PBXGroup;
			children = (
				B3725AF72B3A26FF005B30A3 /* Extensions */,
			);
			path = Utils;
			sourceTree = "<group>";
		};
		B3725AF72B3A26FF005B30A3 /* Extensions */ = {
			isa = PBXGroup;
			children = (
				B3725AF82B3A2716005B30A3 /* UIImageView+loadAndDisplayImage.swift */,
			);
			path = Extensions;
			sourceTree = "<group>";
		};
		B3725AFA2B3A5275005B30A3 /* Presentation */ = {
			isa = PBXGroup;
			children = (
				B3725AFB2B3A5290005B30A3 /* NewsList */,
				B38690702B3BAE6100DC316B /* UsersList */,
			);
			path = Presentation;
			sourceTree = "<group>";
		};
		B3725AFB2B3A5290005B30A3 /* NewsList */ = {
			isa = PBXGroup;
			children = (
				B3725AFD2B3A52B4005B30A3 /* NewsListPresenterTests.swift */,
				B3725AFF2B3B4F05005B30A3 /* NewsListInteractorTests.swift */,
				B3725B012B3B4F17005B30A3 /* NewsListEntityTests.swift */,
			);
			path = NewsList;
			sourceTree = "<group>";
		};
		B38690702B3BAE6100DC316B /* UsersList */ = {
			isa = PBXGroup;
			children = (
				B38690722B3BAF2F00DC316B /* UsersListEntityTests.swift */,
			);
			path = UsersList;
			sourceTree = "<group>";
		};
		B38690712B3BAED300DC316B /* Repository */ = {
			isa = PBXGroup;
			children = (
				B38690742B3BB3DA00DC316B /* NewsListService */,
			);
			path = Repository;
			sourceTree = "<group>";
		};
		B38690742B3BB3DA00DC316B /* NewsListService */ = {
			isa = PBXGroup;
			children = (
				B38690772B3BB46B00DC316B /* NewsListItemResponseDTOTests.swift */,
			);
			path = NewsListService;
			sourceTree = "<group>";
		};
		B3B947D22B35E27E0067C5C9 = {
			isa = PBXGroup;
			children = (
				B3B947DD2B35E27E0067C5C9 /* conexaChallenge */,
				B3B947F42B35E27F0067C5C9 /* conexaChallengeTests */,
				B3B947DC2B35E27E0067C5C9 /* Products */,
			);
			sourceTree = "<group>";
		};
		B3B947DC2B35E27E0067C5C9 /* Products */ = {
			isa = PBXGroup;
			children = (
				B3B947DB2B35E27E0067C5C9 /* conexaChallenge.app */,
				B3B947F12B35E27F0067C5C9 /* conexaChallengeTests.xctest */,
			);
			name = Products;
			sourceTree = "<group>";
		};
		B3B947DD2B35E27E0067C5C9 /* conexaChallenge */ = {
			isa = PBXGroup;
			children = (
				B3B947DE2B35E27E0067C5C9 /* AppDelegate.swift */,
				B3B947E02B35E27E0067C5C9 /* SceneDelegate.swift */,
				B3B947E92B35E27F0067C5C9 /* LaunchScreen.storyboard */,
				B3B947E72B35E27F0067C5C9 /* Assets.xcassets */,
				B3B947EC2B35E27F0067C5C9 /* Info.plist */,
				B3B9482E2B3618550067C5C9 /* Presentation */,
				B3B9482F2B3618730067C5C9 /* Repository */,
				B3725AF62B3A26F0005B30A3 /* Utils */,
			);
			path = conexaChallenge;
			sourceTree = "<group>";
		};
		B3B947F42B35E27F0067C5C9 /* conexaChallengeTests */ = {
			isa = PBXGroup;
			children = (
				B3725AFA2B3A5275005B30A3 /* Presentation */,
				B38690712B3BAED300DC316B /* Repository */,
			);
			path = conexaChallengeTests;
			sourceTree = "<group>";
		};
		B3B9482E2B3618550067C5C9 /* Presentation */ = {
			isa = PBXGroup;
			children = (
				B3725AD22B36567D005B30A3 /* MainTabBar */,
				B3B948302B36187D0067C5C9 /* NewsList */,
				B3B948322B3618930067C5C9 /* NewsDetails */,
				B3B948332B3618A60067C5C9 /* UsersList */,
				B3B948312B36188C0067C5C9 /* UserLocation */,
				B3725AE92B38B66A005B30A3 /* BaseViewController.swift */,
			);
			path = Presentation;
			sourceTree = "<group>";
		};
		B3B9482F2B3618730067C5C9 /* Repository */ = {
			isa = PBXGroup;
			children = (
				B3B9488F2B361C750067C5C9 /* Repository.swift */,
				B3B948342B3618D20067C5C9 /* Services */,
			);
			path = Repository;
			sourceTree = "<group>";
		};
		B3B948302B36187D0067C5C9 /* NewsList */ = {
			isa = PBXGroup;
			children = (
				B3B948402B3619AD0067C5C9 /* NewsListView */,
				B3B948442B3619E80067C5C9 /* NewsListPresenter */,
				B3B948432B3619D50067C5C9 /* NewsListInteractor */,
				B3B948422B3619CB0067C5C9 /* NewsListEntity */,
				B3B948412B3619B80067C5C9 /* NewsListRouter */,
				B3B948392B3619480067C5C9 /* NewsListProtocols.swift */,
				B3B9483B2B3619540067C5C9 /* NewsListModule.swift */,
			);
			path = NewsList;
			sourceTree = "<group>";
		};
		B3B948312B36188C0067C5C9 /* UserLocation */ = {
			isa = PBXGroup;
			children = (
				B3B948812B361C150067C5C9 /* UserLocationView */,
				B3B948802B361C0F0067C5C9 /* UserLocationPresenter */,
				B3B9487E2B361C010067C5C9 /* UserLocationEntity */,
				B3B948792B361B8B0067C5C9 /* UserLocationProtocols.swift */,
				B3B9487B2B361B9B0067C5C9 /* UserLocationModule.swift */,
			);
			path = UserLocation;
			sourceTree = "<group>";
		};
		B3B948322B3618930067C5C9 /* NewsDetails */ = {
			isa = PBXGroup;
			children = (
				B3B948532B361A4B0067C5C9 /* NewsDetailsView */,
				B3B948572B361A6B0067C5C9 /* NewsDetailsPresenter */,
				B3B9484F2B361A410067C5C9 /* NewsDetailsProtocols.swift */,
				B3B948512B361A480067C5C9 /* NewsDetailsModule.swift */,
			);
			path = NewsDetails;
			sourceTree = "<group>";
		};
		B3B948332B3618A60067C5C9 /* UsersList */ = {
			isa = PBXGroup;
			children = (
				B3B9486C2B361B240067C5C9 /* UsersListView */,
				B3B9486B2B361B1C0067C5C9 /* UsersListPresenter */,
				B3B9486A2B361B160067C5C9 /* UsersListInteractor */,
				B3B948692B361AF60067C5C9 /* UsersListEntity */,
				B3B948682B361AEE0067C5C9 /* UsersListRouter */,
				B3B948642B361ADC0067C5C9 /* UsersListProtocols.swift */,
				B3B948662B361AEA0067C5C9 /* UsersListModule.swift */,
			);
			path = UsersList;
			sourceTree = "<group>";
		};
		B3B948342B3618D20067C5C9 /* Services */ = {
			isa = PBXGroup;
			children = (
				B3B948382B3619130067C5C9 /* NewsListService */,
				B3B948372B3619030067C5C9 /* UsersListService */,
			);
			path = Services;
			sourceTree = "<group>";
		};
		B3B948372B3619030067C5C9 /* UsersListService */ = {
			isa = PBXGroup;
			children = (
				B3725AF22B39F7ED005B30A3 /* UsersListService.swift */,
				B3725AF42B39FA56005B30A3 /* UsersListItemResponseDTO.swift */,
				B386906E2B3BA9AB00DC316B /* UsersListServiceProtocol.swift */,
			);
			path = UsersListService;
			sourceTree = "<group>";
		};
		B3B948382B3619130067C5C9 /* NewsListService */ = {
			isa = PBXGroup;
			children = (
				B3725AEB2B39E4EB005B30A3 /* NewsListService.swift */,
				B3725AF02B39E830005B30A3 /* NewsListItemResponseDTO.swift */,
				B386906C2B3BA95300DC316B /* NewsListServiceProtocol.swift */,
			);
			path = NewsListService;
			sourceTree = "<group>";
		};
		B3B948402B3619AD0067C5C9 /* NewsListView */ = {
			isa = PBXGroup;
			children = (
				B3725AE22B36AACA005B30A3 /* NewsTableViewCell */,
				B3B948452B361A050067C5C9 /* NewsListViewController.swift */,
				B3B948462B361A050067C5C9 /* NewsListViewController.xib */,
			);
			path = NewsListView;
			sourceTree = "<group>";
		};
		B3B948412B3619B80067C5C9 /* NewsListRouter */ = {
			isa = PBXGroup;
			children = (
				B3B9483E2B3619910067C5C9 /* NewsListRouter.swift */,
			);
			path = NewsListRouter;
			sourceTree = "<group>";
		};
		B3B948422B3619CB0067C5C9 /* NewsListEntity */ = {
			isa = PBXGroup;
			children = (
				B3B9484D2B361A230067C5C9 /* NewsListEntity.swift */,
			);
			path = NewsListEntity;
			sourceTree = "<group>";
		};
		B3B948432B3619D50067C5C9 /* NewsListInteractor */ = {
			isa = PBXGroup;
			children = (
				B3B9484B2B361A1A0067C5C9 /* NewsListInteractor.swift */,
			);
			path = NewsListInteractor;
			sourceTree = "<group>";
		};
		B3B948442B3619E80067C5C9 /* NewsListPresenter */ = {
			isa = PBXGroup;
			children = (
				B3B948492B361A130067C5C9 /* NewsListPresenter.swift */,
			);
			path = NewsListPresenter;
			sourceTree = "<group>";
		};
		B3B948532B361A4B0067C5C9 /* NewsDetailsView */ = {
			isa = PBXGroup;
			children = (
				B3B948582B361A860067C5C9 /* NewsDetailsViewController.swift */,
				B3B948592B361A860067C5C9 /* NewsDetailsViewController.xib */,
			);
			path = NewsDetailsView;
			sourceTree = "<group>";
		};
		B3B948572B361A6B0067C5C9 /* NewsDetailsPresenter */ = {
			isa = PBXGroup;
			children = (
				B3B9485C2B361A910067C5C9 /* NewsDetailsPresenter.swift */,
			);
			path = NewsDetailsPresenter;
			sourceTree = "<group>";
		};
		B3B948682B361AEE0067C5C9 /* UsersListRouter */ = {
			isa = PBXGroup;
			children = (
				B3B948772B361B620067C5C9 /* UsersListRouter.swift */,
			);
			path = UsersListRouter;
			sourceTree = "<group>";
		};
		B3B948692B361AF60067C5C9 /* UsersListEntity */ = {
			isa = PBXGroup;
			children = (
				B3B948752B361B5B0067C5C9 /* UsersListEntity.swift */,
			);
			path = UsersListEntity;
			sourceTree = "<group>";
		};
		B3B9486A2B361B160067C5C9 /* UsersListInteractor */ = {
			isa = PBXGroup;
			children = (
				B3B948732B361B540067C5C9 /* UsersListInteractor.swift */,
			);
			path = UsersListInteractor;
			sourceTree = "<group>";
		};
		B3B9486B2B361B1C0067C5C9 /* UsersListPresenter */ = {
			isa = PBXGroup;
			children = (
				B3B948712B361B4A0067C5C9 /* UsersListPresenter.swift */,
			);
			path = UsersListPresenter;
			sourceTree = "<group>";
		};
		B3B9486C2B361B240067C5C9 /* UsersListView */ = {
			isa = PBXGroup;
			children = (
				B3725ADD2B36AA1F005B30A3 /* UserTableViewCell */,
				B3B9486D2B361B3C0067C5C9 /* UsersListViewController.swift */,
				B3B9486E2B361B3C0067C5C9 /* UsersListViewController.xib */,
			);
			path = UsersListView;
			sourceTree = "<group>";
		};
		B3B9487E2B361C010067C5C9 /* UserLocationEntity */ = {
			isa = PBXGroup;
			children = (
				B3B9488A2B361C4A0067C5C9 /* UserLocationEntity.swift */,
			);
			path = UserLocationEntity;
			sourceTree = "<group>";
		};
		B3B948802B361C0F0067C5C9 /* UserLocationPresenter */ = {
			isa = PBXGroup;
			children = (
				B3B948862B361C3A0067C5C9 /* UserLocationPresenter.swift */,
			);
			path = UserLocationPresenter;
			sourceTree = "<group>";
		};
		B3B948812B361C150067C5C9 /* UserLocationView */ = {
			isa = PBXGroup;
			children = (
				B3B948822B361C250067C5C9 /* UserLocationViewController.swift */,
				B3B948832B361C250067C5C9 /* UserLocationViewController.xib */,
			);
			path = UserLocationView;
			sourceTree = "<group>";
		};
/* End PBXGroup section */

/* Begin PBXNativeTarget section */
		B3B947DA2B35E27E0067C5C9 /* conexaChallenge */ = {
			isa = PBXNativeTarget;
			buildConfigurationList = B3B948052B35E27F0067C5C9 /* Build configuration list for PBXNativeTarget "conexaChallenge" */;
			buildPhases = (
				B3B947D72B35E27E0067C5C9 /* Sources */,
				B3B947D82B35E27E0067C5C9 /* Frameworks */,
				B3B947D92B35E27E0067C5C9 /* Resources */,
			);
			buildRules = (
			);
			dependencies = (
			);
			name = conexaChallenge;
			packageProductDependencies = (
				B3725AEE2B39E551005B30A3 /* Alamofire */,
			);
			productName = conexaChallenge;
			productReference = B3B947DB2B35E27E0067C5C9 /* conexaChallenge.app */;
			productType = "com.apple.product-type.application";
		};
		B3B947F02B35E27F0067C5C9 /* conexaChallengeTests */ = {
			isa = PBXNativeTarget;
			buildConfigurationList = B3B948082B35E27F0067C5C9 /* Build configuration list for PBXNativeTarget "conexaChallengeTests" */;
			buildPhases = (
				B3B947ED2B35E27F0067C5C9 /* Sources */,
				B3B947EE2B35E27F0067C5C9 /* Frameworks */,
				B3B947EF2B35E27F0067C5C9 /* Resources */,
			);
			buildRules = (
			);
			dependencies = (
				B3B947F32B35E27F0067C5C9 /* PBXTargetDependency */,
			);
			name = conexaChallengeTests;
			productName = conexaChallengeTests;
			productReference = B3B947F12B35E27F0067C5C9 /* conexaChallengeTests.xctest */;
			productType = "com.apple.product-type.bundle.unit-test";
		};
/* End PBXNativeTarget section */

/* Begin PBXProject section */
		B3B947D32B35E27E0067C5C9 /* Project object */ = {
			isa = PBXProject;
			attributes = {
				BuildIndependentTargetsInParallel = 1;
				LastSwiftUpdateCheck = 1510;
				LastUpgradeCheck = 1510;
				TargetAttributes = {
					B3B947DA2B35E27E0067C5C9 = {
						CreatedOnToolsVersion = 15.1;
					};
					B3B947F02B35E27F0067C5C9 = {
						CreatedOnToolsVersion = 15.1;
						TestTargetID = B3B947DA2B35E27E0067C5C9;
					};
				};
			};
			buildConfigurationList = B3B947D62B35E27E0067C5C9 /* Build configuration list for PBXProject "conexaChallenge" */;
			compatibilityVersion = "Xcode 14.0";
			developmentRegion = en;
			hasScannedForEncodings = 0;
			knownRegions = (
				en,
				Base,
			);
			mainGroup = B3B947D22B35E27E0067C5C9;
			packageReferences = (
				B3725AED2B39E550005B30A3 /* XCRemoteSwiftPackageReference "Alamofire" */,
			);
			productRefGroup = B3B947DC2B35E27E0067C5C9 /* Products */;
			projectDirPath = "";
			projectRoot = "";
			targets = (
				B3B947DA2B35E27E0067C5C9 /* conexaChallenge */,
				B3B947F02B35E27F0067C5C9 /* conexaChallengeTests */,
			);
		};
/* End PBXProject section */

/* Begin PBXResourcesBuildPhase section */
		B3B947D92B35E27E0067C5C9 /* Resources */ = {
			isa = PBXResourcesBuildPhase;
			buildActionMask = 2147483647;
			files = (
				B3B9485B2B361A860067C5C9 /* NewsDetailsViewController.xib in Resources */,
				B3B948702B361B3C0067C5C9 /* UsersListViewController.xib in Resources */,
				B3B948852B361C250067C5C9 /* UserLocationViewController.xib in Resources */,
				B3725AE12B36AA3B005B30A3 /* UserTableViewCell.xib in Resources */,
				B3B947EB2B35E27F0067C5C9 /* LaunchScreen.storyboard in Resources */,
				B3B948482B361A050067C5C9 /* NewsListViewController.xib in Resources */,
				B3725AE62B36AADF005B30A3 /* NewsTableViewCell.xib in Resources */,
				B3B947E82B35E27F0067C5C9 /* Assets.xcassets in Resources */,
			);
			runOnlyForDeploymentPostprocessing = 0;
		};
		B3B947EF2B35E27F0067C5C9 /* Resources */ = {
			isa = PBXResourcesBuildPhase;
			buildActionMask = 2147483647;
			files = (
			);
			runOnlyForDeploymentPostprocessing = 0;
		};
/* End PBXResourcesBuildPhase section */

/* Begin PBXSourcesBuildPhase section */
		B3B947D72B35E27E0067C5C9 /* Sources */ = {
			isa = PBXSourcesBuildPhase;
			buildActionMask = 2147483647;
			files = (
				B386906D2B3BA95300DC316B /* NewsListServiceProtocol.swift in Sources */,
				B3B948902B361C750067C5C9 /* Repository.swift in Sources */,
				B3725AD82B3692B6005B30A3 /* MainTabBarController.swift in Sources */,
				B3B9488B2B361C4A0067C5C9 /* UserLocationEntity.swift in Sources */,
				B3B9485A2B361A860067C5C9 /* NewsDetailsViewController.swift in Sources */,
				B3725AEA2B38B66A005B30A3 /* BaseViewController.swift in Sources */,
				B3B9483F2B3619910067C5C9 /* NewsListRouter.swift in Sources */,
				B3B948742B361B540067C5C9 /* UsersListInteractor.swift in Sources */,
				B3B948502B361A410067C5C9 /* NewsDetailsProtocols.swift in Sources */,
				B3B948672B361AEB0067C5C9 /* UsersListModule.swift in Sources */,
				B3B9486F2B361B3C0067C5C9 /* UsersListViewController.swift in Sources */,
				B3B9484A2B361A130067C5C9 /* NewsListPresenter.swift in Sources */,
				B3B948842B361C250067C5C9 /* UserLocationViewController.swift in Sources */,
				B3B9487C2B361B9B0067C5C9 /* UserLocationModule.swift in Sources */,
				B3725AF92B3A2716005B30A3 /* UIImageView+loadAndDisplayImage.swift in Sources */,
				B3B947DF2B35E27E0067C5C9 /* AppDelegate.swift in Sources */,
				B3725AF52B39FA57005B30A3 /* UsersListItemResponseDTO.swift in Sources */,
				B3B9483A2B3619480067C5C9 /* NewsListProtocols.swift in Sources */,
				B3B948472B361A050067C5C9 /* NewsListViewController.swift in Sources */,
				B3B948652B361ADC0067C5C9 /* UsersListProtocols.swift in Sources */,
				B3725AE52B36AADF005B30A3 /* NewsTableViewCell.swift in Sources */,
				B3B948722B361B4A0067C5C9 /* UsersListPresenter.swift in Sources */,
				B3B9483C2B3619540067C5C9 /* NewsListModule.swift in Sources */,
				B3B948782B361B620067C5C9 /* UsersListRouter.swift in Sources */,
				B3725AF32B39F7ED005B30A3 /* UsersListService.swift in Sources */,
				B3B947E12B35E27E0067C5C9 /* SceneDelegate.swift in Sources */,
				B3B9487A2B361B8B0067C5C9 /* UserLocationProtocols.swift in Sources */,
				B386906F2B3BA9AB00DC316B /* UsersListServiceProtocol.swift in Sources */,
				B3B9484E2B361A230067C5C9 /* NewsListEntity.swift in Sources */,
				B3B948522B361A480067C5C9 /* NewsDetailsModule.swift in Sources */,
				B3B948762B361B5B0067C5C9 /* UsersListEntity.swift in Sources */,
				B3725AF12B39E830005B30A3 /* NewsListItemResponseDTO.swift in Sources */,
				B3B9484C2B361A1A0067C5C9 /* NewsListInteractor.swift in Sources */,
				B3B948872B361C3A0067C5C9 /* UserLocationPresenter.swift in Sources */,
				B3725AE02B36AA3B005B30A3 /* UserTableViewCell.swift in Sources */,
				B3725AEC2B39E4EB005B30A3 /* NewsListService.swift in Sources */,
				B3B9485D2B361A910067C5C9 /* NewsDetailsPresenter.swift in Sources */,
			);
			runOnlyForDeploymentPostprocessing = 0;
		};
		B3B947ED2B35E27F0067C5C9 /* Sources */ = {
			isa = PBXSourcesBuildPhase;
			buildActionMask = 2147483647;
			files = (
				B3725B002B3B4F05005B30A3 /* NewsListInteractorTests.swift in Sources */,
				B38690782B3BB46B00DC316B /* NewsListItemResponseDTOTests.swift in Sources */,
				B3725B022B3B4F17005B30A3 /* NewsListEntityTests.swift in Sources */,
				B3725AFE2B3A52B4005B30A3 /* NewsListPresenterTests.swift in Sources */,
				B38690732B3BAF2F00DC316B /* UsersListEntityTests.swift in Sources */,
			);
			runOnlyForDeploymentPostprocessing = 0;
		};
/* End PBXSourcesBuildPhase section */

/* Begin PBXTargetDependency section */
		B3B947F32B35E27F0067C5C9 /* PBXTargetDependency */ = {
			isa = PBXTargetDependency;
			target = B3B947DA2B35E27E0067C5C9 /* conexaChallenge */;
			targetProxy = B3B947F22B35E27F0067C5C9 /* PBXContainerItemProxy */;
		};
/* End PBXTargetDependency section */

/* Begin PBXVariantGroup section */
		B3B947E92B35E27F0067C5C9 /* LaunchScreen.storyboard */ = {
			isa = PBXVariantGroup;
			children = (
				B3B947EA2B35E27F0067C5C9 /* Base */,
			);
			name = LaunchScreen.storyboard;
			sourceTree = "<group>";
		};
/* End PBXVariantGroup section */

/* Begin XCBuildConfiguration section */
		B3B948032B35E27F0067C5C9 /* Debug */ = {
			isa = XCBuildConfiguration;
			buildSettings = {
				ALWAYS_SEARCH_USER_PATHS = NO;
				ASSETCATALOG_COMPILER_GENERATE_SWIFT_ASSET_SYMBOL_EXTENSIONS = YES;
				CLANG_ANALYZER_NONNULL = YES;
				CLANG_ANALYZER_NUMBER_OBJECT_CONVERSION = YES_AGGRESSIVE;
				CLANG_CXX_LANGUAGE_STANDARD = "gnu++20";
				CLANG_ENABLE_MODULES = YES;
				CLANG_ENABLE_OBJC_ARC = YES;
				CLANG_ENABLE_OBJC_WEAK = YES;
				CLANG_WARN_BLOCK_CAPTURE_AUTORELEASING = YES;
				CLANG_WARN_BOOL_CONVERSION = YES;
				CLANG_WARN_COMMA = YES;
				CLANG_WARN_CONSTANT_CONVERSION = YES;
				CLANG_WARN_DEPRECATED_OBJC_IMPLEMENTATIONS = YES;
				CLANG_WARN_DIRECT_OBJC_ISA_USAGE = YES_ERROR;
				CLANG_WARN_DOCUMENTATION_COMMENTS = YES;
				CLANG_WARN_EMPTY_BODY = YES;
				CLANG_WARN_ENUM_CONVERSION = YES;
				CLANG_WARN_INFINITE_RECURSION = YES;
				CLANG_WARN_INT_CONVERSION = YES;
				CLANG_WARN_NON_LITERAL_NULL_CONVERSION = YES;
				CLANG_WARN_OBJC_IMPLICIT_RETAIN_SELF = YES;
				CLANG_WARN_OBJC_LITERAL_CONVERSION = YES;
				CLANG_WARN_OBJC_ROOT_CLASS = YES_ERROR;
				CLANG_WARN_QUOTED_INCLUDE_IN_FRAMEWORK_HEADER = YES;
				CLANG_WARN_RANGE_LOOP_ANALYSIS = YES;
				CLANG_WARN_STRICT_PROTOTYPES = YES;
				CLANG_WARN_SUSPICIOUS_MOVE = YES;
				CLANG_WARN_UNGUARDED_AVAILABILITY = YES_AGGRESSIVE;
				CLANG_WARN_UNREACHABLE_CODE = YES;
				CLANG_WARN__DUPLICATE_METHOD_MATCH = YES;
				COPY_PHASE_STRIP = NO;
				DEBUG_INFORMATION_FORMAT = dwarf;
				ENABLE_STRICT_OBJC_MSGSEND = YES;
				ENABLE_TESTABILITY = YES;
				ENABLE_USER_SCRIPT_SANDBOXING = YES;
				GCC_C_LANGUAGE_STANDARD = gnu17;
				GCC_DYNAMIC_NO_PIC = NO;
				GCC_NO_COMMON_BLOCKS = YES;
				GCC_OPTIMIZATION_LEVEL = 0;
				GCC_PREPROCESSOR_DEFINITIONS = (
					"DEBUG=1",
					"$(inherited)",
				);
				GCC_WARN_64_TO_32_BIT_CONVERSION = YES;
				GCC_WARN_ABOUT_RETURN_TYPE = YES_ERROR;
				GCC_WARN_UNDECLARED_SELECTOR = YES;
				GCC_WARN_UNINITIALIZED_AUTOS = YES_AGGRESSIVE;
				GCC_WARN_UNUSED_FUNCTION = YES;
				GCC_WARN_UNUSED_VARIABLE = YES;
				IPHONEOS_DEPLOYMENT_TARGET = 17.2;
				LOCALIZATION_PREFERS_STRING_CATALOGS = YES;
				MTL_ENABLE_DEBUG_INFO = INCLUDE_SOURCE;
				MTL_FAST_MATH = YES;
				ONLY_ACTIVE_ARCH = YES;
				SDKROOT = iphoneos;
				SWIFT_ACTIVE_COMPILATION_CONDITIONS = "DEBUG $(inherited)";
				SWIFT_OPTIMIZATION_LEVEL = "-Onone";
			};
			name = Debug;
		};
		B3B948042B35E27F0067C5C9 /* Release */ = {
			isa = XCBuildConfiguration;
			buildSettings = {
				ALWAYS_SEARCH_USER_PATHS = NO;
				ASSETCATALOG_COMPILER_GENERATE_SWIFT_ASSET_SYMBOL_EXTENSIONS = YES;
				CLANG_ANALYZER_NONNULL = YES;
				CLANG_ANALYZER_NUMBER_OBJECT_CONVERSION = YES_AGGRESSIVE;
				CLANG_CXX_LANGUAGE_STANDARD = "gnu++20";
				CLANG_ENABLE_MODULES = YES;
				CLANG_ENABLE_OBJC_ARC = YES;
				CLANG_ENABLE_OBJC_WEAK = YES;
				CLANG_WARN_BLOCK_CAPTURE_AUTORELEASING = YES;
				CLANG_WARN_BOOL_CONVERSION = YES;
				CLANG_WARN_COMMA = YES;
				CLANG_WARN_CONSTANT_CONVERSION = YES;
				CLANG_WARN_DEPRECATED_OBJC_IMPLEMENTATIONS = YES;
				CLANG_WARN_DIRECT_OBJC_ISA_USAGE = YES_ERROR;
				CLANG_WARN_DOCUMENTATION_COMMENTS = YES;
				CLANG_WARN_EMPTY_BODY = YES;
				CLANG_WARN_ENUM_CONVERSION = YES;
				CLANG_WARN_INFINITE_RECURSION = YES;
				CLANG_WARN_INT_CONVERSION = YES;
				CLANG_WARN_NON_LITERAL_NULL_CONVERSION = YES;
				CLANG_WARN_OBJC_IMPLICIT_RETAIN_SELF = YES;
				CLANG_WARN_OBJC_LITERAL_CONVERSION = YES;
				CLANG_WARN_OBJC_ROOT_CLASS = YES_ERROR;
				CLANG_WARN_QUOTED_INCLUDE_IN_FRAMEWORK_HEADER = YES;
				CLANG_WARN_RANGE_LOOP_ANALYSIS = YES;
				CLANG_WARN_STRICT_PROTOTYPES = YES;
				CLANG_WARN_SUSPICIOUS_MOVE = YES;
				CLANG_WARN_UNGUARDED_AVAILABILITY = YES_AGGRESSIVE;
				CLANG_WARN_UNREACHABLE_CODE = YES;
				CLANG_WARN__DUPLICATE_METHOD_MATCH = YES;
				COPY_PHASE_STRIP = NO;
				DEBUG_INFORMATION_FORMAT = "dwarf-with-dsym";
				ENABLE_NS_ASSERTIONS = NO;
				ENABLE_STRICT_OBJC_MSGSEND = YES;
				ENABLE_TESTABILITY = NO;
				ENABLE_USER_SCRIPT_SANDBOXING = YES;
				GCC_C_LANGUAGE_STANDARD = gnu17;
				GCC_NO_COMMON_BLOCKS = YES;
				GCC_WARN_64_TO_32_BIT_CONVERSION = YES;
				GCC_WARN_ABOUT_RETURN_TYPE = YES_ERROR;
				GCC_WARN_UNDECLARED_SELECTOR = YES;
				GCC_WARN_UNINITIALIZED_AUTOS = YES_AGGRESSIVE;
				GCC_WARN_UNUSED_FUNCTION = YES;
				GCC_WARN_UNUSED_VARIABLE = YES;
				IPHONEOS_DEPLOYMENT_TARGET = 17.2;
				LOCALIZATION_PREFERS_STRING_CATALOGS = YES;
				MTL_ENABLE_DEBUG_INFO = NO;
				MTL_FAST_MATH = YES;
				SDKROOT = iphoneos;
				SWIFT_COMPILATION_MODE = wholemodule;
				VALIDATE_PRODUCT = YES;
			};
			name = Release;
		};
		B3B948062B35E27F0067C5C9 /* Debug */ = {
			isa = XCBuildConfiguration;
			buildSettings = {
				ASSETCATALOG_COMPILER_APPICON_NAME = AppIcon;
				ASSETCATALOG_COMPILER_GLOBAL_ACCENT_COLOR_NAME = AccentColor;
				CODE_SIGN_STYLE = Automatic;
				CURRENT_PROJECT_VERSION = 1;
				DEVELOPMENT_TEAM = PHF24UBX82;
				GENERATE_INFOPLIST_FILE = YES;
				INFOPLIST_FILE = conexaChallenge/Info.plist;
				INFOPLIST_KEY_UIApplicationSupportsIndirectInputEvents = YES;
				INFOPLIST_KEY_UILaunchStoryboardName = LaunchScreen;
				INFOPLIST_KEY_UISupportedInterfaceOrientations_iPad = "UIInterfaceOrientationPortrait UIInterfaceOrientationPortraitUpsideDown UIInterfaceOrientationLandscapeLeft UIInterfaceOrientationLandscapeRight";
				INFOPLIST_KEY_UISupportedInterfaceOrientations_iPhone = "UIInterfaceOrientationPortrait UIInterfaceOrientationLandscapeLeft UIInterfaceOrientationLandscapeRight";
				LD_RUNPATH_SEARCH_PATHS = (
					"$(inherited)",
					"@executable_path/Frameworks",
				);
				MARKETING_VERSION = 1.0;
				PRODUCT_BUNDLE_IDENTIFIER = com.marioangelillo.conexaChallenge;
				PRODUCT_NAME = "$(TARGET_NAME)";
				SWIFT_EMIT_LOC_STRINGS = YES;
				SWIFT_VERSION = 5.0;
				TARGETED_DEVICE_FAMILY = "1,2";
			};
			name = Debug;
		};
		B3B948072B35E27F0067C5C9 /* Release */ = {
			isa = XCBuildConfiguration;
			buildSettings = {
				ASSETCATALOG_COMPILER_APPICON_NAME = AppIcon;
				ASSETCATALOG_COMPILER_GLOBAL_ACCENT_COLOR_NAME = AccentColor;
				CODE_SIGN_STYLE = Automatic;
				CURRENT_PROJECT_VERSION = 1;
				DEVELOPMENT_TEAM = PHF24UBX82;
				GENERATE_INFOPLIST_FILE = YES;
				INFOPLIST_FILE = conexaChallenge/Info.plist;
				INFOPLIST_KEY_UIApplicationSupportsIndirectInputEvents = YES;
				INFOPLIST_KEY_UILaunchStoryboardName = LaunchScreen;
				INFOPLIST_KEY_UISupportedInterfaceOrientations_iPad = "UIInterfaceOrientationPortrait UIInterfaceOrientationPortraitUpsideDown UIInterfaceOrientationLandscapeLeft UIInterfaceOrientationLandscapeRight";
				INFOPLIST_KEY_UISupportedInterfaceOrientations_iPhone = "UIInterfaceOrientationPortrait UIInterfaceOrientationLandscapeLeft UIInterfaceOrientationLandscapeRight";
				LD_RUNPATH_SEARCH_PATHS = (
					"$(inherited)",
					"@executable_path/Frameworks",
				);
				MARKETING_VERSION = 1.0;
				PRODUCT_BUNDLE_IDENTIFIER = com.marioangelillo.conexaChallenge;
				PRODUCT_NAME = "$(TARGET_NAME)";
				SWIFT_EMIT_LOC_STRINGS = YES;
				SWIFT_VERSION = 5.0;
				TARGETED_DEVICE_FAMILY = "1,2";
			};
			name = Release;
		};
		B3B948092B35E27F0067C5C9 /* Debug */ = {
			isa = XCBuildConfiguration;
			buildSettings = {
				ALWAYS_EMBED_SWIFT_STANDARD_LIBRARIES = YES;
				BUNDLE_LOADER = "$(TEST_HOST)";
				CODE_SIGN_STYLE = Automatic;
				CURRENT_PROJECT_VERSION = 1;
				DEVELOPMENT_TEAM = PHF24UBX82;
				GENERATE_INFOPLIST_FILE = YES;
				IPHONEOS_DEPLOYMENT_TARGET = 17.2;
				MARKETING_VERSION = 1.0;
				PRODUCT_BUNDLE_IDENTIFIER = com.marioangelillo.conexaChallengeTests;
				PRODUCT_NAME = "$(TARGET_NAME)";
				SWIFT_EMIT_LOC_STRINGS = NO;
				SWIFT_VERSION = 5.0;
				TARGETED_DEVICE_FAMILY = "1,2";
				TEST_HOST = "$(BUILT_PRODUCTS_DIR)/conexaChallenge.app/$(BUNDLE_EXECUTABLE_FOLDER_PATH)/conexaChallenge";
			};
			name = Debug;
		};
		B3B9480A2B35E27F0067C5C9 /* Release */ = {
			isa = XCBuildConfiguration;
			buildSettings = {
				ALWAYS_EMBED_SWIFT_STANDARD_LIBRARIES = YES;
				BUNDLE_LOADER = "$(TEST_HOST)";
				CODE_SIGN_STYLE = Automatic;
				CURRENT_PROJECT_VERSION = 1;
				DEVELOPMENT_TEAM = PHF24UBX82;
				GENERATE_INFOPLIST_FILE = YES;
				IPHONEOS_DEPLOYMENT_TARGET = 17.2;
				MARKETING_VERSION = 1.0;
				PRODUCT_BUNDLE_IDENTIFIER = com.marioangelillo.conexaChallengeTests;
				PRODUCT_NAME = "$(TARGET_NAME)";
				SWIFT_EMIT_LOC_STRINGS = NO;
				SWIFT_VERSION = 5.0;
				TARGETED_DEVICE_FAMILY = "1,2";
				TEST_HOST = "$(BUILT_PRODUCTS_DIR)/conexaChallenge.app/$(BUNDLE_EXECUTABLE_FOLDER_PATH)/conexaChallenge";
			};
			name = Release;
		};
/* End XCBuildConfiguration section */

/* Begin XCConfigurationList section */
		B3B947D62B35E27E0067C5C9 /* Build configuration list for PBXProject "conexaChallenge" */ = {
			isa = XCConfigurationList;
			buildConfigurations = (
				B3B948032B35E27F0067C5C9 /* Debug */,
				B3B948042B35E27F0067C5C9 /* Release */,
			);
			defaultConfigurationIsVisible = 0;
			defaultConfigurationName = Release;
		};
		B3B948052B35E27F0067C5C9 /* Build configuration list for PBXNativeTarget "conexaChallenge" */ = {
			isa = XCConfigurationList;
			buildConfigurations = (
				B3B948062B35E27F0067C5C9 /* Debug */,
				B3B948072B35E27F0067C5C9 /* Release */,
			);
			defaultConfigurationIsVisible = 0;
			defaultConfigurationName = Release;
		};
		B3B948082B35E27F0067C5C9 /* Build configuration list for PBXNativeTarget "conexaChallengeTests" */ = {
			isa = XCConfigurationList;
			buildConfigurations = (
				B3B948092B35E27F0067C5C9 /* Debug */,
				B3B9480A2B35E27F0067C5C9 /* Release */,
			);
			defaultConfigurationIsVisible = 0;
			defaultConfigurationName = Release;
		};
/* End XCConfigurationList section */

/* Begin XCRemoteSwiftPackageReference section */
		B3725AED2B39E550005B30A3 /* XCRemoteSwiftPackageReference "Alamofire" */ = {
			isa = XCRemoteSwiftPackageReference;
			repositoryURL = "https://github.com/Alamofire/Alamofire.git";
			requirement = {
				kind = upToNextMajorVersion;
				minimumVersion = 5.8.1;
			};
		};
/* End XCRemoteSwiftPackageReference section */

/* Begin XCSwiftPackageProductDependency section */
		B3725AEE2B39E551005B30A3 /* Alamofire */ = {
			isa = XCSwiftPackageProductDependency;
			package = B3725AED2B39E550005B30A3 /* XCRemoteSwiftPackageReference "Alamofire" */;
			productName = Alamofire;
		};
/* End XCSwiftPackageProductDependency section */
	};
	rootObject = B3B947D32B35E27E0067C5C9 /* Project object */;
}
